
Microsoft Visual Studio Solution File, Format Version 12.00
# Visual Studio Version 17
VisualStudioVersion = 17.4.33110.190
MinimumVisualStudioVersion = 10.0.40219.1
Project("{FAE04EC0-301F-11D3-BF4B-00C04F79EFBC}") = "Base64Url", "Base64Url\Base64Url.csproj", "{0A47F0CE-B4A6-4006-A2BC-F811708ADA0F}"
EndProject
Project("{2150E333-8FDC-42A3-9474-1A3956D46DE8}") = "src", "src", "{88E36EEC-DF6E-4341-8254-7A6151ED1609}"
EndProject
Project("{2150E333-8FDC-42A3-9474-1A3956D46DE8}") = "tests", "tests", "{EA82B01B-6A82-464F-80BD-EBAD9D923004}"
EndProject
Project("{FAE04EC0-301F-11D3-BF4B-00C04F79EFBC}") = "Base64Url.UnitTests", "Base64Url.UnitTests\Base64Url.UnitTests.csproj", "{C17643C9-1311-49EF-94BD-567DE67AB757}"
EndProject
Global
	GlobalSection(SolutionConfigurationPlatforms) = preSolution
		Debug|Any CPU = Debug|Any CPU
		Release|Any CPU = Release|Any CPU
	EndGlobalSection
	GlobalSection(ProjectConfigurationPlatforms) = postSolution
		{0A47F0CE-B4A6-4006-A2BC-F811708ADA0F}.Debug|Any CPU.ActiveCfg = Debug|Any CPU
		{0A47F0CE-B4A6-4006-A2BC-F811708ADA0F}.Debug|Any CPU.Build.0 = Debug|Any CPU
		{0A47F0CE-B4A6-4006-A2BC-F811708ADA0F}.Release|Any CPU.ActiveCfg = Release|Any CPU
		{0A47F0CE-B4A6-4006-A2BC-F811708ADA0F}.Release|Any CPU.Build.0 = Release|Any CPU
		{C17643C9-1311-49EF-94BD-567DE67AB757}.Debug|Any CPU.ActiveCfg = Debug|Any CPU
		{C17643C9-1311-49EF-94BD-567DE67AB757}.Debug|Any CPU.Build.0 = Debug|Any CPU
		{C17643C9-1311-49EF-94BD-567DE67AB757}.Release|Any CPU.ActiveCfg = Release|Any CPU
		{C17643C9-1311-49EF-94BD-567DE67AB757}.Release|Any CPU.Build.0 = Release|Any CPU
	EndGlobalSection
	GlobalSection(SolutionProperties) = preSolution
		HideSolutionNode = FALSE
	EndGlobalSection
	GlobalSection(NestedProjects) = preSolution
		{0A47F0CE-B4A6-4006-A2BC-F811708ADA0F} = {88E36EEC-DF6E-4341-8254-7A6151ED1609}
		{C17643C9-1311-49EF-94BD-567DE67AB757} = {EA82B01B-6A82-464F-80BD-EBAD9D923004}
	EndGlobalSection
	GlobalSection(ExtensibilityGlobals) = postSolution
		SolutionGuid = {DE3D24DA-5688-46E9-BDB3-1FA040BD9866}
	EndGlobalSection
EndGlobal
